
Microsoft Visual Studio Solution File, Format Version 12.00
# Visual Studio 14
VisualStudioVersion = 14.0.25420.1
MinimumVisualStudioVersion = 10.0.40219.1
Project("{FAE04EC0-301F-11D3-BF4B-00C04F79EFBC}") = "AutomatedOnlineStore", "AutomatedOnlineStore\AutomatedOnlineStore.csproj", "{EAC608F1-E53A-4D9A-BA11-8062FF27F206}"
EndProject
Project("{FAE04EC0-301F-11D3-BF4B-00C04F79EFBC}") = "AutomatedOnlineStoreTests", "AutomatedOnlineStoreTests\AutomatedOnlineStoreTests.csproj", "{CC48724B-829D-403C-AD24-D079D427480D}"
EndProject
Project("{2150E333-8FDC-42A3-9474-1A3956D46DE8}") = "Solution Items", "Solution Items", "{46806687-102C-4B4B-BA5D-D2884B65B63E}"
	ProjectSection(SolutionItems) = preProject
		.gitignore = .gitignore
	EndProjectSection
EndProject
Global
	GlobalSection(SolutionConfigurationPlatforms) = preSolution
		Debug|Any CPU = Debug|Any CPU
		Release|Any CPU = Release|Any CPU
	EndGlobalSection
	GlobalSection(ProjectConfigurationPlatforms) = postSolution
		{EAC608F1-E53A-4D9A-BA11-8062FF27F206}.Debug|Any CPU.ActiveCfg = Debug|Any CPU
		{EAC608F1-E53A-4D9A-BA11-8062FF27F206}.Debug|Any CPU.Build.0 = Debug|Any CPU
		{EAC608F1-E53A-4D9A-BA11-8062FF27F206}.Release|Any CPU.ActiveCfg = Release|Any CPU
		{EAC608F1-E53A-4D9A-BA11-8062FF27F206}.Release|Any CPU.Build.0 = Release|Any CPU
		{CC48724B-829D-403C-AD24-D079D427480D}.Debug|Any CPU.ActiveCfg = Debug|Any CPU
		{CC48724B-829D-403C-AD24-D079D427480D}.Debug|Any CPU.Build.0 = Debug|Any CPU
		{CC48724B-829D-403C-AD24-D079D427480D}.Release|Any CPU.ActiveCfg = Release|Any CPU
		{CC48724B-829D-403C-AD24-D079D427480D}.Release|Any CPU.Build.0 = Release|Any CPU
	EndGlobalSection
	GlobalSection(SolutionProperties) = preSolution
		HideSolutionNode = FALSE
	EndGlobalSection
EndGlobal
